// !$*UTF8*$!
{
	archiveVersion = 1;
	classes = {
	};
	objectVersion = 46;
	objects = {

/* Begin PBXBuildFile section */
		764409021E55417800F6105F /* main.m in Sources */ = {isa = PBXBuildFile; fileRef = 764409011E55417800F6105F /* main.m */; };
		764409051E55417800F6105F /* AppDelegate.m in Sources */ = {isa = PBXBuildFile; fileRef = 764409041E55417800F6105F /* AppDelegate.m */; };
		764409081E55417800F6105F /* ViewController.m in Sources */ = {isa = PBXBuildFile; fileRef = 764409071E55417800F6105F /* ViewController.m */; };
		7644090B1E55417800F6105F /* Main.storyboard in Resources */ = {isa = PBXBuildFile; fileRef = 764409091E55417800F6105F /* Main.storyboard */; };
		7644090D1E55417800F6105F /* Assets.xcassets in Resources */ = {isa = PBXBuildFile; fileRef = 7644090C1E55417800F6105F /* Assets.xcassets */; };
		764409101E55417800F6105F /* LaunchScreen.storyboard in Resources */ = {isa = PBXBuildFile; fileRef = 7644090E1E55417800F6105F /* LaunchScreen.storyboard */; };
/* End PBXBuildFile section */

/* Begin PBXFileReference section */
		764408FD1E55417800F6105F /* D20Roller.app */ = {isa = PBXFileReference; explicitFileType = wrapper.application; includeInIndex = 0; path = D20Roller.app; sourceTree = BUILT_PRODUCTS_DIR; };
		764409011E55417800F6105F /* main.m */ = {isa = PBXFileReference; lastKnownFileType = sourcecode.c.objc; path = main.m; sourceTree = "<group>"; };
		764409031E55417800F6105F /* AppDelegate.h */ = {isa = PBXFileReference; lastKnownFileType = sourcecode.c.h; path = AppDelegate.h; sourceTree = "<group>"; };
		764409041E55417800F6105F /* AppDelegate.m */ = {isa = PBXFileReference; lastKnownFileType = sourcecode.c.objc; path = AppDelegate.m; sourceTree = "<group>"; };
		764409061E55417800F6105F /* ViewController.h */ = {isa = PBXFileReference; lastKnownFileType = sourcecode.c.h; path = ViewController.h; sourceTree = "<group>"; };
		764409071E55417800F6105F /* ViewController.m */ = {isa = PBXFileReference; lastKnownFileType = sourcecode.c.objc; path = ViewController.m; sourceTree = "<group>"; };
		7644090A1E55417800F6105F /* Base */ = {isa = PBXFileReference; lastKnownFileType = file.storyboard; name = Base; path = Base.lproj/Main.storyboard; sourceTree = "<group>"; };
		7644090C1E55417800F6105F /* Assets.xcassets */ = {isa = PBXFileReference; lastKnownFileType = folder.assetcatalog; path = Assets.xcassets; sourceTree = "<group>"; };
		7644090F1E55417800F6105F /* Base */ = {isa = PBXFileReference; lastKnownFileType = file.storyboard; name = Base; path = Base.lproj/LaunchScreen.storyboard; sourceTree = "<group>"; };
		764409111E55417800F6105F /* Info.plist */ = {isa = PBXFileReference; lastKnownFileType = text.plist.xml; path = Info.plist; sourceTree = "<group>"; };
/* End PBXFileReference section */

/* Begin PBXFrameworksBuildPhase section */
		764408FA1E55417800F6105F /* Frameworks */ = {
			isa = PBXFrameworksBuildPhase;
			buildActionMask = 2147483647;
			files = (
			);
			runOnlyForDeploymentPostprocessing = 0;
		};
/* End PBXFrameworksBuildPhase section */

/* Begin PBXGroup section */
		764408F41E55417800F6105F = {
			isa = PBXGroup;
			children = (
				764408FF1E55417800F6105F /* D20Roller */,
				764408FE1E55417800F6105F /* Products */,
			);
			sourceTree = "<group>";
		};
		764408FE1E55417800F6105F /* Products */ = {
			isa = PBXGroup;
			children = (
				764408FD1E55417800F6105F /* D20Roller.app */,
			);
			name = Products;
			sourceTree = "<group>";
		};
		764408FF1E55417800F6105F /* D20Roller */ = {
			isa = PBXGroup;
			children = (
				764409031E55417800F6105F /* AppDelegate.h */,
				764409041E55417800F6105F /* AppDelegate.m */,
				764409061E55417800F6105F /* ViewController.h */,
				764409071E55417800F6105F /* ViewController.m */,
				764409091E55417800F6105F /* Main.storyboard */,
				7644090C1E55417800F6105F /* Assets.xcassets */,
				7644090E1E55417800F6105F /* LaunchScreen.storyboard */,
				764409111E55417800F6105F /* Info.plist */,
				764409001E55417800F6105F /* Supporting Files */,
			);
			path = D20Roller;
			sourceTree = "<group>";
		};
		764409001E55417800F6105F /* Supporting Files */ = {
			isa = PBXGroup;
			children = (
				764409011E55417800F6105F /* main.m */,
			);
			name = "Supporting Files";
			sourceTree = "<group>";
		};
/* End PBXGroup section */

/* Begin PBXNativeTarget section */
		764408FC1E55417800F6105F /* D20Roller */ = {
			isa = PBXNativeTarget;
			buildConfigurationList = 764409141E55417800F6105F /* Build configuration list for PBXNativeTarget "D20Roller" */;
			buildPhases = (
				764408F91E55417800F6105F /* Sources */,
				764408FA1E55417800F6105F /* Frameworks */,
				764408FB1E55417800F6105F /* Resources */,
			);
			buildRules = (
			);
			dependencies = (
			);
			name = D20Roller;
			productName = D20Roller;
			productReference = 764408FD1E55417800F6105F /* D20Roller.app */;
			productType = "com.apple.product-type.application";
		};
/* End PBXNativeTarget section */

/* Begin PBXProject section */
		764408F51E55417800F6105F /* Project object */ = {
			isa = PBXProject;
			attributes = {
				LastUpgradeCheck = 0820;
				ORGANIZATIONNAME = Conor;
				TargetAttributes = {
					764408FC1E55417800F6105F = {
						CreatedOnToolsVersion = 8.2.1;
						ProvisioningStyle = Automatic;
					};
				};
			};
			buildConfigurationList = 764408F81E55417800F6105F /* Build configuration list for PBXProject "D20Roller" */;
			compatibilityVersion = "Xcode 3.2";
			developmentRegion = English;
			hasScannedForEncodings = 0;
			knownRegions = (
				en,
				Base,
			);
			mainGroup = 764408F41E55417800F6105F;
			productRefGroup = 764408FE1E55417800F6105F /* Products */;
			projectDirPath = "";
			projectRoot = "";
			targets = (
				764408FC1E55417800F6105F /* D20Roller */,
			);
		};
/* End PBXProject section */

/* Begin PBXResourcesBuildPhase section */
		764408FB1E55417800F6105F /* Resources */ = {
			isa = PBXResourcesBuildPhase;
			buildActionMask = 2147483647;
			files = (
				764409101E55417800F6105F /* LaunchScreen.storyboard in Resources */,
				7644090D1E55417800F6105F /* Assets.xcassets in Resources */,
				7644090B1E55417800F6105F /* Main.storyboard in Resources */,
			);
			runOnlyForDeploymentPostprocessing = 0;
		};
/* End PBXResourcesBuildPhase section */

/* Begin PBXSourcesBuildPhase section */
		764408F91E55417800F6105F /* Sources */ = {
			isa = PBXSourcesBuildPhase;
			buildActionMask = 2147483647;
			files = (
				764409081E55417800F6105F /* ViewController.m in Sources */,
				764409051E55417800F6105F /* AppDelegate.m in Sources */,
				764409021E55417800F6105F /* main.m in Sources */,
			);
			runOnlyForDeploymentPostprocessing = 0;
		};
/* End PBXSourcesBuildPhase section */

/* Begin PBXVariantGroup section */
		764409091E55417800F6105F /* Main.storyboard */ = {
			isa = PBXVariantGroup;
			children = (
				7644090A1E55417800F6105F /* Base */,
			);
			name = Main.storyboard;
			sourceTree = "<group>";
		};
		7644090E1E55417800F6105F /* LaunchScreen.storyboard */ = {
			isa = PBXVariantGroup;
			children = (
				7644090F1E55417800F6105F /* Base */,
			);
			name = LaunchScreen.storyboard;
			sourceTree = "<group>";
		};
/* End PBXVariantGroup section */

/* Begin XCBuildConfiguration section */
		764409121E55417800F6105F /* Debug */ = {
			isa = XCBuildConfiguration;
			buildSettings = {
				ALWAYS_SEARCH_USER_PATHS = NO;
				CLANG_ANALYZER_NONNULL = YES;
				CLANG_CXX_LANGUAGE_STANDARD = "gnu++0x";
				CLANG_CXX_LIBRARY = "libc++";
				CLANG_ENABLE_MODULES = YES;
				CLANG_ENABLE_OBJC_ARC = YES;
				CLANG_WARN_BOOL_CONVERSION = YES;
				CLANG_WARN_CONSTANT_CONVERSION = YES;
				CLANG_WARN_DIRECT_OBJC_ISA_USAGE = YES_ERROR;
				CLANG_WARN_DOCUMENTATION_COMMENTS = YES;
				CLANG_WARN_EMPTY_BODY = YES;
				CLANG_WARN_ENUM_CONVERSION = YES;
				CLANG_WARN_INFINITE_RECURSION = YES;
				CLANG_WARN_INT_CONVERSION = YES;
				CLANG_WARN_OBJC_ROOT_CLASS = YES_ERROR;
				CLANG_WARN_SUSPICIOUS_MOVE = YES;
				CLANG_WARN_UNREACHABLE_CODE = YES;
				CLANG_WARN__DUPLICATE_METHOD_MATCH = YES;
				"CODE_SIGN_IDENTITY[sdk=iphoneos*]" = "iPhone Developer";
				COPY_PHASE_STRIP = NO;
				DEBUG_INFORMATION_FORMAT = dwarf;
				ENABLE_STRICT_OBJC_MSGSEND = YES;
				ENABLE_TESTABILITY = YES;
				GCC_C_LANGUAGE_STANDARD = gnu99;
				GCC_DYNAMIC_NO_PIC = NO;
				GCC_NO_COMMON_BLOCKS = YES;
				GCC_OPTIMIZATION_LEVEL = 0;
				GCC_PREPROCESSOR_DEFINITIONS = (
					"DEBUG=1",
					"$(inherited)",
				);
				GCC_WARN_64_TO_32_BIT_CONVERSION = YES;
				GCC_WARN_ABOUT_RETURN_TYPE = YES_ERROR;
				GCC_WARN_UNDECLARED_SELECTOR = YES;
				GCC_WARN_UNINITIALIZED_AUTOS = YES_AGGRESSIVE;
				GCC_WARN_UNUSED_FUNCTION = YES;
				GCC_WARN_UNUSED_VARIABLE = YES;
				IPHONEOS_DEPLOYMENT_TARGET = 10.2;
				MTL_ENABLE_DEBUG_INFO = YES;
				ONLY_ACTIVE_ARCH = YES;
				SDKROOT = iphoneos;
				TARGETED_DEVICE_FAMILY = "1,2";
			};
			name = Debug;
		};
		764409131E55417800F6105F /* Release */ = {
			isa = XCBuildConfiguration;
			buildSettings = {
				ALWAYS_SEARCH_USER_PATHS = NO;
				CLANG_ANALYZER_NONNULL = YES;
				CLANG_CXX_LANGUAGE_STANDARD = "gnu++0x";
				CLANG_CXX_LIBRARY = "libc++";
				CLANG_ENABLE_MODULES = YES;
				CLANG_ENABLE_OBJC_ARC = YES;
				CLANG_WARN_BOOL_CONVERSION = YES;
				CLANG_WARN_CONSTANT_CONVERSION = YES;
				CLANG_WARN_DIRECT_OBJC_ISA_USAGE = YES_ERROR;
				CLANG_WARN_DOCUMENTATION_COMMENTS = YES;
				CLANG_WARN_EMPTY_BODY = YES;
				CLANG_WARN_ENUM_CONVERSION = YES;
				CLANG_WARN_INFINITE_RECURSION = YES;
				CLANG_WARN_INT_CONVERSION = YES;
				CLANG_WARN_OBJC_ROOT_CLASS = YES_ERROR;
				CLANG_WARN_SUSPICIOUS_MOVE = YES;
				CLANG_WARN_UNREACHABLE_CODE = YES;
				CLANG_WARN__DUPLICATE_METHOD_MATCH = YES;
				"CODE_SIGN_IDENTITY[sdk=iphoneos*]" = "iPhone Developer";
				COPY_PHASE_STRIP = NO;
				DEBUG_INFORMATION_FORMAT = "dwarf-with-dsym";
				ENABLE_NS_ASSERTIONS = NO;
				ENABLE_STRICT_OBJC_MSGSEND = YES;
				GCC_C_LANGUAGE_STANDARD = gnu99;
				GCC_NO_COMMON_BLOCKS = YES;
				GCC_WARN_64_TO_32_BIT_CONVERSION = YES;
				GCC_WARN_ABOUT_RETURN_TYPE = YES_ERROR;
				GCC_WARN_UNDECLARED_SELECTOR = YES;
				GCC_WARN_UNINITIALIZED_AUTOS = YES_AGGRESSIVE;
				GCC_WARN_UNUSED_FUNCTION = YES;
				GCC_WARN_UNUSED_VARIABLE = YES;
				IPHONEOS_DEPLOYMENT_TARGET = 10.2;
				MTL_ENABLE_DEBUG_INFO = NO;
				SDKROOT = iphoneos;
				TARGETED_DEVICE_FAMILY = "1,2";
				VALIDATE_PRODUCT = YES;
			};
			name = Release;
		};
		764409151E55417800F6105F /* Debug */ = {
			isa = XCBuildConfiguration;
			buildSettings = {
				ASSETCATALOG_COMPILER_APPICON_NAME = AppIcon;
				INFOPLIST_FILE = D20Roller/Info.plist;
				LD_RUNPATH_SEARCH_PATHS = "$(inherited) @executable_path/Frameworks";
				PRODUCT_BUNDLE_IDENTIFIER = com.cmasterson.D20Roller;
				PRODUCT_NAME = "$(TARGET_NAME)";
			};
			name = Debug;
		};
		764409161E55417800F6105F /* Release */ = {
			isa = XCBuildConfiguration;
			buildSettings = {
				ASSETCATALOG_COMPILER_APPICON_NAME = AppIcon;
				INFOPLIST_FILE = D20Roller/Info.plist;
				LD_RUNPATH_SEARCH_PATHS = "$(inherited) @executable_path/Frameworks";
				PRODUCT_BUNDLE_IDENTIFIER = com.cmasterson.D20Roller;
				PRODUCT_NAME = "$(TARGET_NAME)";
			};
			name = Release;
		};
/* End XCBuildConfiguration section */

/* Begin XCConfigurationList section */
		764408F81E55417800F6105F /* Build configuration list for PBXProject "D20Roller" */ = {
			isa = XCConfigurationList;
			buildConfigurations = (
				764409121E55417800F6105F /* Debug */,
				764409131E55417800F6105F /* Release */,
			);
			defaultConfigurationIsVisible = 0;
			defaultConfigurationName = Release;
		};
		764409141E55417800F6105F /* Build configuration list for PBXNativeTarget "D20Roller" */ = {
			isa = XCConfigurationList;
			buildConfigurations = (
				764409151E55417800F6105F /* Debug */,
				764409161E55417800F6105F /* Release */,
			);
			defaultConfigurationIsVisible = 0;
		};
/* End XCConfigurationList section */
	};
	rootObject = 764408F51E55417800F6105F /* Project object */;
}
